
Microsoft Visual Studio Solution File, Format Version 12.00
# Visual Studio 2012
Project("{FAE04EC0-301F-11D3-BF4B-00C04F79EFBC}") = "RomanNumerals", "RomanNumerals\RomanNumerals.csproj", "{2F563D5E-8A27-41A7-A769-23D8A29AF032}"
EndProject
Project("{FAE04EC0-301F-11D3-BF4B-00C04F79EFBC}") = "RomanNumeralsTests", "RomanNumeralsTests\RomanNumeralsTests.csproj", "{D3973F95-9C1D-4342-ACCB-82EC3275785B}"
EndProject
Global
	GlobalSection(SolutionConfigurationPlatforms) = preSolution
		Debug|Any CPU = Debug|Any CPU
		Release|Any CPU = Release|Any CPU
	EndGlobalSection
	GlobalSection(ProjectConfigurationPlatforms) = postSolution
		{2F563D5E-8A27-41A7-A769-23D8A29AF032}.Debug|Any CPU.ActiveCfg = Debug|Any CPU
		{2F563D5E-8A27-41A7-A769-23D8A29AF032}.Debug|Any CPU.Build.0 = Debug|Any CPU
		{2F563D5E-8A27-41A7-A769-23D8A29AF032}.Release|Any CPU.ActiveCfg = Release|Any CPU
		{2F563D5E-8A27-41A7-A769-23D8A29AF032}.Release|Any CPU.Build.0 = Release|Any CPU
		{D3973F95-9C1D-4342-ACCB-82EC3275785B}.Debug|Any CPU.ActiveCfg = Debug|Any CPU
		{D3973F95-9C1D-4342-ACCB-82EC3275785B}.Debug|Any CPU.Build.0 = Debug|Any CPU
		{D3973F95-9C1D-4342-ACCB-82EC3275785B}.Release|Any CPU.ActiveCfg = Release|Any CPU
		{D3973F95-9C1D-4342-ACCB-82EC3275785B}.Release|Any CPU.Build.0 = Release|Any CPU
	EndGlobalSection
	GlobalSection(SolutionProperties) = preSolution
		HideSolutionNode = FALSE
	EndGlobalSection
EndGlobal
